
Microsoft Visual Studio Solution File, Format Version 12.00
# Visual Studio Version 16
VisualStudioVersion = 16.0.30804.86
MinimumVisualStudioVersion = 10.0.40219.1
Project("{FAE04EC0-301F-11D3-BF4B-00C04F79EFBC}") = "UCIProtocol", "UCIProtocol\UCIProtocol.csproj", "{985EA829-18CA-4DDF-8EF9-0EA29DB174A0}"
EndProject
Project("{FAE04EC0-301F-11D3-BF4B-00C04F79EFBC}") = "UCI Tester", "UCI Tester\UCI Tester.csproj", "{A8AF8B76-649D-467B-A94D-163A5930BFCB}"
EndProject
Project("{FAE04EC0-301F-11D3-BF4B-00C04F79EFBC}") = "UnitTestProject_UCIProtocol", "UnitTestProject_UCIProtocol\UnitTestProject_UCIProtocol.csproj", "{87970D5A-1834-444E-83AC-3D5EDA4C28B9}"
EndProject
Global
	GlobalSection(SolutionConfigurationPlatforms) = preSolution
		Debug|Any CPU = Debug|Any CPU
		Release|Any CPU = Release|Any CPU
	EndGlobalSection
	GlobalSection(ProjectConfigurationPlatforms) = postSolution
		{985EA829-18CA-4DDF-8EF9-0EA29DB174A0}.Debug|Any CPU.ActiveCfg = Debug|Any CPU
		{985EA829-18CA-4DDF-8EF9-0EA29DB174A0}.Debug|Any CPU.Build.0 = Debug|Any CPU
		{985EA829-18CA-4DDF-8EF9-0EA29DB174A0}.Release|Any CPU.ActiveCfg = Release|Any CPU
		{985EA829-18CA-4DDF-8EF9-0EA29DB174A0}.Release|Any CPU.Build.0 = Release|Any CPU
		{A8AF8B76-649D-467B-A94D-163A5930BFCB}.Debug|Any CPU.ActiveCfg = Debug|Any CPU
		{A8AF8B76-649D-467B-A94D-163A5930BFCB}.Debug|Any CPU.Build.0 = Debug|Any CPU
		{A8AF8B76-649D-467B-A94D-163A5930BFCB}.Release|Any CPU.ActiveCfg = Release|Any CPU
		{A8AF8B76-649D-467B-A94D-163A5930BFCB}.Release|Any CPU.Build.0 = Release|Any CPU
		{87970D5A-1834-444E-83AC-3D5EDA4C28B9}.Debug|Any CPU.ActiveCfg = Debug|Any CPU
		{87970D5A-1834-444E-83AC-3D5EDA4C28B9}.Debug|Any CPU.Build.0 = Debug|Any CPU
		{87970D5A-1834-444E-83AC-3D5EDA4C28B9}.Release|Any CPU.ActiveCfg = Release|Any CPU
		{87970D5A-1834-444E-83AC-3D5EDA4C28B9}.Release|Any CPU.Build.0 = Release|Any CPU
	EndGlobalSection
	GlobalSection(SolutionProperties) = preSolution
		HideSolutionNode = FALSE
	EndGlobalSection
	GlobalSection(ExtensibilityGlobals) = postSolution
		SolutionGuid = {1B14F3FA-5448-4BDE-88BB-CD81123DC6AD}
	EndGlobalSection
EndGlobal
